
Microsoft Visual Studio Solution File, Format Version 12.00
# Visual Studio Version 17
VisualStudioVersion = 17.3.32922.545
MinimumVisualStudioVersion = 10.0.40219.1
Project("{FAE04EC0-301F-11D3-BF4B-00C04F79EFBC}") = "Aula03_IP_Exercicios", "IP_Exercicios\Aula03_IP_Exercicios.csproj", "{2CAA8A5F-90F8-41EE-A679-650C7616F0E1}"
EndProject
Project("{FAE04EC0-301F-11D3-BF4B-00C04F79EFBC}") = "Aula04_T01_IP_Conversao", "IP_Conversao\Aula04_T01_IP_Conversao.csproj", "{C358FBA5-C07C-4A40-9D92-5FBF396AEEF0}"
EndProject
Project("{FAE04EC0-301F-11D3-BF4B-00C04F79EFBC}") = "Aula04_T02_String", "Aula04_String\Aula04_T02_String.csproj", "{D68916B9-73C3-4FC0-B0D7-B912EE24D817}"
EndProject
Project("{FAE04EC0-301F-11D3-BF4B-00C04F79EFBC}") = "Aula04_T03_Exercicios", "Aula_04_Exercicios\Aula04_T03_Exercicios.csproj", "{2046BFDF-B03D-4E40-886E-280C8394719C}"
EndProject
Project("{FAE04EC0-301F-11D3-BF4B-00C04F79EFBC}") = "Aula07_POO", "Aula07_POO\Aula07_POO.csproj", "{D7228A56-F3F4-4142-92F2-AEFF011FCE54}"
EndProject
Project("{FAE04EC0-301F-11D3-BF4B-00C04F79EFBC}") = "Aula08_POO", "Aula08_POO\Aula08_POO.csproj", "{E55B1660-0880-4A30-8985-53F30C78C162}"
EndProject
Global
	GlobalSection(SolutionConfigurationPlatforms) = preSolution
		Debug|Any CPU = Debug|Any CPU
		Release|Any CPU = Release|Any CPU
	EndGlobalSection
	GlobalSection(ProjectConfigurationPlatforms) = postSolution
		{2CAA8A5F-90F8-41EE-A679-650C7616F0E1}.Debug|Any CPU.ActiveCfg = Debug|Any CPU
		{2CAA8A5F-90F8-41EE-A679-650C7616F0E1}.Debug|Any CPU.Build.0 = Debug|Any CPU
		{2CAA8A5F-90F8-41EE-A679-650C7616F0E1}.Release|Any CPU.ActiveCfg = Release|Any CPU
		{2CAA8A5F-90F8-41EE-A679-650C7616F0E1}.Release|Any CPU.Build.0 = Release|Any CPU
		{C358FBA5-C07C-4A40-9D92-5FBF396AEEF0}.Debug|Any CPU.ActiveCfg = Debug|Any CPU
		{C358FBA5-C07C-4A40-9D92-5FBF396AEEF0}.Debug|Any CPU.Build.0 = Debug|Any CPU
		{C358FBA5-C07C-4A40-9D92-5FBF396AEEF0}.Release|Any CPU.ActiveCfg = Release|Any CPU
		{C358FBA5-C07C-4A40-9D92-5FBF396AEEF0}.Release|Any CPU.Build.0 = Release|Any CPU
		{D68916B9-73C3-4FC0-B0D7-B912EE24D817}.Debug|Any CPU.ActiveCfg = Debug|Any CPU
		{D68916B9-73C3-4FC0-B0D7-B912EE24D817}.Debug|Any CPU.Build.0 = Debug|Any CPU
		{D68916B9-73C3-4FC0-B0D7-B912EE24D817}.Release|Any CPU.ActiveCfg = Release|Any CPU
		{D68916B9-73C3-4FC0-B0D7-B912EE24D817}.Release|Any CPU.Build.0 = Release|Any CPU
		{2046BFDF-B03D-4E40-886E-280C8394719C}.Debug|Any CPU.ActiveCfg = Debug|Any CPU
		{2046BFDF-B03D-4E40-886E-280C8394719C}.Debug|Any CPU.Build.0 = Debug|Any CPU
		{2046BFDF-B03D-4E40-886E-280C8394719C}.Release|Any CPU.ActiveCfg = Release|Any CPU
		{2046BFDF-B03D-4E40-886E-280C8394719C}.Release|Any CPU.Build.0 = Release|Any CPU
		{D7228A56-F3F4-4142-92F2-AEFF011FCE54}.Debug|Any CPU.ActiveCfg = Debug|Any CPU
		{D7228A56-F3F4-4142-92F2-AEFF011FCE54}.Debug|Any CPU.Build.0 = Debug|Any CPU
		{D7228A56-F3F4-4142-92F2-AEFF011FCE54}.Release|Any CPU.ActiveCfg = Release|Any CPU
		{D7228A56-F3F4-4142-92F2-AEFF011FCE54}.Release|Any CPU.Build.0 = Release|Any CPU
		{E55B1660-0880-4A30-8985-53F30C78C162}.Debug|Any CPU.ActiveCfg = Debug|Any CPU
		{E55B1660-0880-4A30-8985-53F30C78C162}.Debug|Any CPU.Build.0 = Debug|Any CPU
		{E55B1660-0880-4A30-8985-53F30C78C162}.Release|Any CPU.ActiveCfg = Release|Any CPU
		{E55B1660-0880-4A30-8985-53F30C78C162}.Release|Any CPU.Build.0 = Release|Any CPU
	EndGlobalSection
	GlobalSection(SolutionProperties) = preSolution
		HideSolutionNode = FALSE
	EndGlobalSection
	GlobalSection(ExtensibilityGlobals) = postSolution
		SolutionGuid = {A9B6882F-C0EA-4D9A-9C5E-51D280314701}
	EndGlobalSection
EndGlobal
